
Microsoft Visual Studio Solution File, Format Version 12.00
# Visual Studio Version 17
VisualStudioVersion = 17.7.34031.279
MinimumVisualStudioVersion = 10.0.40219.1
Project("{FAE04EC0-301F-11D3-BF4B-00C04F79EFBC}") = "QuanLy_ShopConCung", "QuanLy_ShopConCung\QuanLy_ShopConCung.csproj", "{A514628E-77C2-41C7-9216-AA18D15A1DD1}"
EndProject
Global
	GlobalSection(SolutionConfigurationPlatforms) = preSolution
		Debug|Any CPU = Debug|Any CPU
		Release|Any CPU = Release|Any CPU
	EndGlobalSection
	GlobalSection(ProjectConfigurationPlatforms) = postSolution
		{A514628E-77C2-41C7-9216-AA18D15A1DD1}.Debug|Any CPU.ActiveCfg = Debug|Any CPU
		{A514628E-77C2-41C7-9216-AA18D15A1DD1}.Debug|Any CPU.Build.0 = Debug|Any CPU
		{A514628E-77C2-41C7-9216-AA18D15A1DD1}.Release|Any CPU.ActiveCfg = Release|Any CPU
		{A514628E-77C2-41C7-9216-AA18D15A1DD1}.Release|Any CPU.Build.0 = Release|Any CPU
	EndGlobalSection
	GlobalSection(SolutionProperties) = preSolution
		HideSolutionNode = FALSE
	EndGlobalSection
	GlobalSection(ExtensibilityGlobals) = postSolution
		SolutionGuid = {A390101E-32B0-48C9-8EC2-4643EC8CD5FF}
	EndGlobalSection
EndGlobal
